
Microsoft Visual Studio Solution File, Format Version 12.00
# Visual Studio Version 17
VisualStudioVersion = 17.0.31903.59
MinimumVisualStudioVersion = 10.0.40219.1
Project("{FAE04EC0-301F-11D3-BF4B-00C04F79EFBC}") = "HelloCS", "HelloCS\HelloCS.csproj", "{A0DC4C53-73BF-434D-9464-0589C8BA3395}"
EndProject
Project("{FAE04EC0-301F-11D3-BF4B-00C04F79EFBC}") = "AboutMyEnvironment", "AboutMyEnvironment\AboutMyEnvironment.csproj", "{5BAFA003-E83D-4D38-A59C-CD6CB3BF646B}"
EndProject
Global
	GlobalSection(SolutionConfigurationPlatforms) = preSolution
		Debug|Any CPU = Debug|Any CPU
		Release|Any CPU = Release|Any CPU
	EndGlobalSection
	GlobalSection(SolutionProperties) = preSolution
		HideSolutionNode = FALSE
	EndGlobalSection
	GlobalSection(ProjectConfigurationPlatforms) = postSolution
		{A0DC4C53-73BF-434D-9464-0589C8BA3395}.Debug|Any CPU.ActiveCfg = Debug|Any CPU
		{A0DC4C53-73BF-434D-9464-0589C8BA3395}.Debug|Any CPU.Build.0 = Debug|Any CPU
		{A0DC4C53-73BF-434D-9464-0589C8BA3395}.Release|Any CPU.ActiveCfg = Release|Any CPU
		{A0DC4C53-73BF-434D-9464-0589C8BA3395}.Release|Any CPU.Build.0 = Release|Any CPU
		{5BAFA003-E83D-4D38-A59C-CD6CB3BF646B}.Debug|Any CPU.ActiveCfg = Debug|Any CPU
		{5BAFA003-E83D-4D38-A59C-CD6CB3BF646B}.Debug|Any CPU.Build.0 = Debug|Any CPU
		{5BAFA003-E83D-4D38-A59C-CD6CB3BF646B}.Release|Any CPU.ActiveCfg = Release|Any CPU
		{5BAFA003-E83D-4D38-A59C-CD6CB3BF646B}.Release|Any CPU.Build.0 = Release|Any CPU
	EndGlobalSection
EndGlobal
